
Microsoft Visual Studio Solution File, Format Version 12.00
# Visual Studio Version 16
VisualStudioVersion = 16.0.31321.278
MinimumVisualStudioVersion = 10.0.40219.1
Project("{9A19103F-16F7-4668-BE54-9A1E7A4F7556}") = "NetSystem", "NetSystem\NetSystem.csproj", "{641D35EF-892D-402C-9FB8-CE7CBF5D57ED}"
EndProject
Project("{9A19103F-16F7-4668-BE54-9A1E7A4F7556}") = "PersianTranslation", "PersianTranslation\PersianTranslation.csproj", "{53406824-8193-4244-A45E-758641905548}"
EndProject
Global
	GlobalSection(SolutionConfigurationPlatforms) = preSolution
		Debug|Any CPU = Debug|Any CPU
		Release|Any CPU = Release|Any CPU
	EndGlobalSection
	GlobalSection(ProjectConfigurationPlatforms) = postSolution
		{641D35EF-892D-402C-9FB8-CE7CBF5D57ED}.Debug|Any CPU.ActiveCfg = Debug|Any CPU
		{641D35EF-892D-402C-9FB8-CE7CBF5D57ED}.Debug|Any CPU.Build.0 = Debug|Any CPU
		{641D35EF-892D-402C-9FB8-CE7CBF5D57ED}.Release|Any CPU.ActiveCfg = Release|Any CPU
		{641D35EF-892D-402C-9FB8-CE7CBF5D57ED}.Release|Any CPU.Build.0 = Release|Any CPU
		{53406824-8193-4244-A45E-758641905548}.Debug|Any CPU.ActiveCfg = Debug|Any CPU
		{53406824-8193-4244-A45E-758641905548}.Debug|Any CPU.Build.0 = Debug|Any CPU
		{53406824-8193-4244-A45E-758641905548}.Release|Any CPU.ActiveCfg = Release|Any CPU
		{53406824-8193-4244-A45E-758641905548}.Release|Any CPU.Build.0 = Release|Any CPU
	EndGlobalSection
	GlobalSection(SolutionProperties) = preSolution
		HideSolutionNode = FALSE
	EndGlobalSection
	GlobalSection(ExtensibilityGlobals) = postSolution
		SolutionGuid = {C660C939-DAA8-4576-BF28-E3774F8BA23F}
	EndGlobalSection
EndGlobal
